
Microsoft Visual Studio Solution File, Format Version 12.00
# Visual Studio Version 17
VisualStudioVersion = 17.4.33213.308
MinimumVisualStudioVersion = 10.0.40219.1
Project("{FAE04EC0-301F-11D3-BF4B-00C04F79EFBC}") = "InveTime", "InveTime\InveTime.csproj", "{16E03160-6A8A-48A8-889B-51DA3F8E1745}"
EndProject
Project("{2150E333-8FDC-42A3-9474-1A3956D46DE8}") = "UI", "UI", "{CBC4B91D-5527-468F-8337-798DA184C9CF}"
EndProject
Project("{2150E333-8FDC-42A3-9474-1A3956D46DE8}") = "Database", "Database", "{6617BDA1-F986-4794-901A-EBF19EBF672A}"
EndProject
Project("{2150E333-8FDC-42A3-9474-1A3956D46DE8}") = "Services", "Services", "{FF90659C-A51D-4B4D-9DE9-1C24CF2A01BC}"
EndProject
Project("{2150E333-8FDC-42A3-9474-1A3956D46DE8}") = "Interfaces", "Interfaces", "{73B6E36B-9B86-4D1B-8671-9273519295B3}"
EndProject
Project("{2150E333-8FDC-42A3-9474-1A3956D46DE8}") = "Web", "Web", "{AA3C5122-A209-4700-A22E-5F8A33435EB8}"
EndProject
Project("{2150E333-8FDC-42A3-9474-1A3956D46DE8}") = "Desktop", "Desktop", "{A596E78A-B4C0-4806-8650-F102FE717F1F}"
EndProject
Global
	GlobalSection(SolutionConfigurationPlatforms) = preSolution
		Debug|Any CPU = Debug|Any CPU
		Release|Any CPU = Release|Any CPU
	EndGlobalSection
	GlobalSection(ProjectConfigurationPlatforms) = postSolution
		{16E03160-6A8A-48A8-889B-51DA3F8E1745}.Debug|Any CPU.ActiveCfg = Debug|Any CPU
		{16E03160-6A8A-48A8-889B-51DA3F8E1745}.Debug|Any CPU.Build.0 = Debug|Any CPU
		{16E03160-6A8A-48A8-889B-51DA3F8E1745}.Release|Any CPU.ActiveCfg = Release|Any CPU
		{16E03160-6A8A-48A8-889B-51DA3F8E1745}.Release|Any CPU.Build.0 = Release|Any CPU
	EndGlobalSection
	GlobalSection(SolutionProperties) = preSolution
		HideSolutionNode = FALSE
	EndGlobalSection
	GlobalSection(NestedProjects) = preSolution
		{16E03160-6A8A-48A8-889B-51DA3F8E1745} = {A596E78A-B4C0-4806-8650-F102FE717F1F}
		{AA3C5122-A209-4700-A22E-5F8A33435EB8} = {CBC4B91D-5527-468F-8337-798DA184C9CF}
		{A596E78A-B4C0-4806-8650-F102FE717F1F} = {CBC4B91D-5527-468F-8337-798DA184C9CF}
	EndGlobalSection
	GlobalSection(ExtensibilityGlobals) = postSolution
		SolutionGuid = {9686417E-8852-41F4-B139-01CDF8EC547B}
	EndGlobalSection
EndGlobal
